
Microsoft Visual Studio Solution File, Format Version 12.00
# Visual Studio Version 17
VisualStudioVersion = 17.3.32811.315
MinimumVisualStudioVersion = 10.0.40219.1
Project("{FAE04EC0-301F-11D3-BF4B-00C04F79EFBC}") = "HomeWork7", "HomeWork7\HomeWork7.csproj", "{9BC456BE-C230-4372-9536-D4A376656819}"
EndProject
Project("{2150E333-8FDC-42A3-9474-1A3956D46DE8}") = "HomeWork7", "HomeWork7", "{89D5DCE4-5F36-41AC-8254-8966E378A241}"
EndProject
Global
	GlobalSection(SolutionConfigurationPlatforms) = preSolution
		Debug|Any CPU = Debug|Any CPU
		Release|Any CPU = Release|Any CPU
	EndGlobalSection
	GlobalSection(ProjectConfigurationPlatforms) = postSolution
		{9BC456BE-C230-4372-9536-D4A376656819}.Debug|Any CPU.ActiveCfg = Debug|Any CPU
		{9BC456BE-C230-4372-9536-D4A376656819}.Debug|Any CPU.Build.0 = Debug|Any CPU
		{9BC456BE-C230-4372-9536-D4A376656819}.Release|Any CPU.ActiveCfg = Release|Any CPU
		{9BC456BE-C230-4372-9536-D4A376656819}.Release|Any CPU.Build.0 = Release|Any CPU
	EndGlobalSection
	GlobalSection(SolutionProperties) = preSolution
		HideSolutionNode = FALSE
	EndGlobalSection
	GlobalSection(NestedProjects) = preSolution
		{9BC456BE-C230-4372-9536-D4A376656819} = {89D5DCE4-5F36-41AC-8254-8966E378A241}
	EndGlobalSection
	GlobalSection(ExtensibilityGlobals) = postSolution
		SolutionGuid = {0E27B26B-27AE-4CF6-BD24-69D033FF0A63}
	EndGlobalSection
EndGlobal
